
Microsoft Visual Studio Solution File, Format Version 12.00
# Visual Studio Version 16
VisualStudioVersion = 16.0.30804.86
MinimumVisualStudioVersion = 10.0.40219.1
Project("{9A19103F-16F7-4668-BE54-9A1E7A4F7556}") = "CarRent", "CarRent.csproj", "{C82403FD-CAAA-4D6F-8526-1DC5E9AE6DB0}"
EndProject
Project("{FAE04EC0-301F-11D3-BF4B-00C04F79EFBC}") = "CarRentTests", "..\CarRentTests\CarRentTests.csproj", "{94F1CE4F-557F-43F2-A5F8-FA48EFDD94B0}"
EndProject
Global
	GlobalSection(SolutionConfigurationPlatforms) = preSolution
		Debug|Any CPU = Debug|Any CPU
		Release|Any CPU = Release|Any CPU
	EndGlobalSection
	GlobalSection(ProjectConfigurationPlatforms) = postSolution
		{C82403FD-CAAA-4D6F-8526-1DC5E9AE6DB0}.Debug|Any CPU.ActiveCfg = Debug|Any CPU
		{C82403FD-CAAA-4D6F-8526-1DC5E9AE6DB0}.Debug|Any CPU.Build.0 = Debug|Any CPU
		{C82403FD-CAAA-4D6F-8526-1DC5E9AE6DB0}.Release|Any CPU.ActiveCfg = Release|Any CPU
		{C82403FD-CAAA-4D6F-8526-1DC5E9AE6DB0}.Release|Any CPU.Build.0 = Release|Any CPU
		{94F1CE4F-557F-43F2-A5F8-FA48EFDD94B0}.Debug|Any CPU.ActiveCfg = Debug|Any CPU
		{94F1CE4F-557F-43F2-A5F8-FA48EFDD94B0}.Debug|Any CPU.Build.0 = Debug|Any CPU
		{94F1CE4F-557F-43F2-A5F8-FA48EFDD94B0}.Release|Any CPU.ActiveCfg = Release|Any CPU
		{94F1CE4F-557F-43F2-A5F8-FA48EFDD94B0}.Release|Any CPU.Build.0 = Release|Any CPU
	EndGlobalSection
	GlobalSection(SolutionProperties) = preSolution
		HideSolutionNode = FALSE
	EndGlobalSection
	GlobalSection(ExtensibilityGlobals) = postSolution
		SolutionGuid = {0FE32F74-A1E3-4AD8-9B78-1A3A296C22FC}
	EndGlobalSection
EndGlobal
